// !$*UTF8*$!
{
	archiveVersion = 1;
	classes = {
	};
	objectVersion = 56;
	objects = {

/* Begin PBXBuildFile section */
		A1BA34712AC7753700B1E9D9 /* SwiftDataExplorationApp.swift in Sources */ = {isa = PBXBuildFile; fileRef = A1BA34702AC7753700B1E9D9 /* SwiftDataExplorationApp.swift */; };
		A1BA34732AC7753700B1E9D9 /* ContentView.swift in Sources */ = {isa = PBXBuildFile; fileRef = A1BA34722AC7753700B1E9D9 /* ContentView.swift */; };
		A1BA34772AC7753900B1E9D9 /* Assets.xcassets in Resources */ = {isa = PBXBuildFile; fileRef = A1BA34762AC7753900B1E9D9 /* Assets.xcassets */; };
		A1BA347A2AC7753900B1E9D9 /* Preview Assets.xcassets in Resources */ = {isa = PBXBuildFile; fileRef = A1BA34792AC7753900B1E9D9 /* Preview Assets.xcassets */; };
		A1BA34812AC7757A00B1E9D9 /* package.json in Resources */ = {isa = PBXBuildFile; fileRef = A1BA34802AC7757A00B1E9D9 /* package.json */; };
		A1BA34832AC775C000B1E9D9 /* db.json in Resources */ = {isa = PBXBuildFile; fileRef = A1BA34822AC775C000B1E9D9 /* db.json */; };
		A1BA34852AC7762500B1E9D9 /* PostModel.swift in Sources */ = {isa = PBXBuildFile; fileRef = A1BA34842AC7762500B1E9D9 /* PostModel.swift */; };
		A1BA34872AC777E700B1E9D9 /* PostService.swift in Sources */ = {isa = PBXBuildFile; fileRef = A1BA34862AC777E700B1E9D9 /* PostService.swift */; };
		A1BA34892AC7789400B1E9D9 /* Makefile in Sources */ = {isa = PBXBuildFile; fileRef = A1BA34882AC7789400B1E9D9 /* Makefile */; };
		A1BA348B2AC77FBA00B1E9D9 /* ModelRepository.swift in Sources */ = {isa = PBXBuildFile; fileRef = A1BA348A2AC77FBA00B1E9D9 /* ModelRepository.swift */; };
		A1BA348D2AC781A700B1E9D9 /* PostRepository.swift in Sources */ = {isa = PBXBuildFile; fileRef = A1BA348C2AC781A700B1E9D9 /* PostRepository.swift */; };
		A1BA348F2AC7891800B1E9D9 /* Types.swift in Sources */ = {isa = PBXBuildFile; fileRef = A1BA348E2AC7891800B1E9D9 /* Types.swift */; };
		A1BA34912AC78CA700B1E9D9 /* NetworkMonitor.swift in Sources */ = {isa = PBXBuildFile; fileRef = A1BA34902AC78CA700B1E9D9 /* NetworkMonitor.swift */; };
/* End PBXBuildFile section */

/* Begin PBXFileReference section */
		A1BA346D2AC7753700B1E9D9 /* SwiftDataExploration.app */ = {isa = PBXFileReference; explicitFileType = wrapper.application; includeInIndex = 0; path = SwiftDataExploration.app; sourceTree = BUILT_PRODUCTS_DIR; };
		A1BA34702AC7753700B1E9D9 /* SwiftDataExplorationApp.swift */ = {isa = PBXFileReference; lastKnownFileType = sourcecode.swift; path = SwiftDataExplorationApp.swift; sourceTree = "<group>"; };
		A1BA34722AC7753700B1E9D9 /* ContentView.swift */ = {isa = PBXFileReference; lastKnownFileType = sourcecode.swift; path = ContentView.swift; sourceTree = "<group>"; };
		A1BA34762AC7753900B1E9D9 /* Assets.xcassets */ = {isa = PBXFileReference; lastKnownFileType = folder.assetcatalog; path = Assets.xcassets; sourceTree = "<group>"; };
		A1BA34792AC7753900B1E9D9 /* Preview Assets.xcassets */ = {isa = PBXFileReference; lastKnownFileType = folder.assetcatalog; path = "Preview Assets.xcassets"; sourceTree = "<group>"; };
		A1BA34802AC7757A00B1E9D9 /* package.json */ = {isa = PBXFileReference; fileEncoding = 4; lastKnownFileType = text.json; path = package.json; sourceTree = SOURCE_ROOT; };
		A1BA34822AC775C000B1E9D9 /* db.json */ = {isa = PBXFileReference; fileEncoding = 4; lastKnownFileType = text.json; path = db.json; sourceTree = "<group>"; };
		A1BA34842AC7762500B1E9D9 /* PostModel.swift */ = {isa = PBXFileReference; lastKnownFileType = sourcecode.swift; path = PostModel.swift; sourceTree = "<group>"; };
		A1BA34862AC777E700B1E9D9 /* PostService.swift */ = {isa = PBXFileReference; lastKnownFileType = sourcecode.swift; path = PostService.swift; sourceTree = "<group>"; };
		A1BA34882AC7789400B1E9D9 /* Makefile */ = {isa = PBXFileReference; lastKnownFileType = sourcecode.make; path = Makefile; sourceTree = "<group>"; };
		A1BA348A2AC77FBA00B1E9D9 /* ModelRepository.swift */ = {isa = PBXFileReference; lastKnownFileType = sourcecode.swift; path = ModelRepository.swift; sourceTree = "<group>"; };
		A1BA348C2AC781A700B1E9D9 /* PostRepository.swift */ = {isa = PBXFileReference; lastKnownFileType = sourcecode.swift; path = PostRepository.swift; sourceTree = "<group>"; };
		A1BA348E2AC7891800B1E9D9 /* Types.swift */ = {isa = PBXFileReference; lastKnownFileType = sourcecode.swift; path = Types.swift; sourceTree = "<group>"; };
		A1BA34902AC78CA700B1E9D9 /* NetworkMonitor.swift */ = {isa = PBXFileReference; lastKnownFileType = sourcecode.swift; path = NetworkMonitor.swift; sourceTree = "<group>"; };
/* End PBXFileReference section */

/* Begin PBXFrameworksBuildPhase section */
		A1BA346A2AC7753700B1E9D9 /* Frameworks */ = {
			isa = PBXFrameworksBuildPhase;
			buildActionMask = 2147483647;
			files = (
			);
			runOnlyForDeploymentPostprocessing = 0;
		};
/* End PBXFrameworksBuildPhase section */

/* Begin PBXGroup section */
		A1BA34642AC7753700B1E9D9 = {
			isa = PBXGroup;
			children = (
				A1BA34882AC7789400B1E9D9 /* Makefile */,
				A1BA34802AC7757A00B1E9D9 /* package.json */,
				A1BA34822AC775C000B1E9D9 /* db.json */,
				A1BA346F2AC7753700B1E9D9 /* SwiftDataExploration */,
				A1BA346E2AC7753700B1E9D9 /* Products */,
			);
			sourceTree = "<group>";
		};
		A1BA346E2AC7753700B1E9D9 /* Products */ = {
			isa = PBXGroup;
			children = (
				A1BA346D2AC7753700B1E9D9 /* SwiftDataExploration.app */,
			);
			name = Products;
			sourceTree = "<group>";
		};
		A1BA346F2AC7753700B1E9D9 /* SwiftDataExploration */ = {
			isa = PBXGroup;
			children = (
				A1BA34702AC7753700B1E9D9 /* SwiftDataExplorationApp.swift */,
				A1BA34722AC7753700B1E9D9 /* ContentView.swift */,
				A1BA34762AC7753900B1E9D9 /* Assets.xcassets */,
				A1BA34782AC7753900B1E9D9 /* Preview Content */,
				A1BA34842AC7762500B1E9D9 /* PostModel.swift */,
				A1BA34862AC777E700B1E9D9 /* PostService.swift */,
				A1BA348A2AC77FBA00B1E9D9 /* ModelRepository.swift */,
				A1BA348C2AC781A700B1E9D9 /* PostRepository.swift */,
				A1BA348E2AC7891800B1E9D9 /* Types.swift */,
				A1BA34902AC78CA700B1E9D9 /* NetworkMonitor.swift */,
			);
			path = SwiftDataExploration;
			sourceTree = "<group>";
		};
		A1BA34782AC7753900B1E9D9 /* Preview Content */ = {
			isa = PBXGroup;
			children = (
				A1BA34792AC7753900B1E9D9 /* Preview Assets.xcassets */,
			);
			path = "Preview Content";
			sourceTree = "<group>";
		};
/* End PBXGroup section */

/* Begin PBXNativeTarget section */
		A1BA346C2AC7753700B1E9D9 /* SwiftDataExploration */ = {
			isa = PBXNativeTarget;
			buildConfigurationList = A1BA347D2AC7753900B1E9D9 /* Build configuration list for PBXNativeTarget "SwiftDataExploration" */;
			buildPhases = (
				A1BA34692AC7753700B1E9D9 /* Sources */,
				A1BA346A2AC7753700B1E9D9 /* Frameworks */,
				A1BA346B2AC7753700B1E9D9 /* Resources */,
			);
			buildRules = (
			);
			dependencies = (
			);
			name = SwiftDataExploration;
			productName = SwiftDataExploration;
			productReference = A1BA346D2AC7753700B1E9D9 /* SwiftDataExploration.app */;
			productType = "com.apple.product-type.application";
		};
/* End PBXNativeTarget section */

/* Begin PBXProject section */
		A1BA34652AC7753700B1E9D9 /* Project object */ = {
			isa = PBXProject;
			attributes = {
				BuildIndependentTargetsInParallel = 1;
				LastSwiftUpdateCheck = 1500;
				LastUpgradeCheck = 1500;
				TargetAttributes = {
					A1BA346C2AC7753700B1E9D9 = {
						CreatedOnToolsVersion = 15.0;
					};
				};
			};
			buildConfigurationList = A1BA34682AC7753700B1E9D9 /* Build configuration list for PBXProject "SwiftDataExploration" */;
			compatibilityVersion = "Xcode 14.0";
			developmentRegion = en;
			hasScannedForEncodings = 0;
			knownRegions = (
				en,
				Base,
			);
			mainGroup = A1BA34642AC7753700B1E9D9;
			productRefGroup = A1BA346E2AC7753700B1E9D9 /* Products */;
			projectDirPath = "";
			projectRoot = "";
			targets = (
				A1BA346C2AC7753700B1E9D9 /* SwiftDataExploration */,
			);
		};
/* End PBXProject section */

/* Begin PBXResourcesBuildPhase section */
		A1BA346B2AC7753700B1E9D9 /* Resources */ = {
			isa = PBXResourcesBuildPhase;
			buildActionMask = 2147483647;
			files = (
				A1BA347A2AC7753900B1E9D9 /* Preview Assets.xcassets in Resources */,
				A1BA34832AC775C000B1E9D9 /* db.json in Resources */,
				A1BA34772AC7753900B1E9D9 /* Assets.xcassets in Resources */,
				A1BA34812AC7757A00B1E9D9 /* package.json in Resources */,
			);
			runOnlyForDeploymentPostprocessing = 0;
		};
/* End PBXResourcesBuildPhase section */

/* Begin PBXSourcesBuildPhase section */
		A1BA34692AC7753700B1E9D9 /* Sources */ = {
			isa = PBXSourcesBuildPhase;
			buildActionMask = 2147483647;
			files = (
				A1BA34892AC7789400B1E9D9 /* Makefile in Sources */,
				A1BA34732AC7753700B1E9D9 /* ContentView.swift in Sources */,
				A1BA34852AC7762500B1E9D9 /* PostModel.swift in Sources */,
				A1BA348B2AC77FBA00B1E9D9 /* ModelRepository.swift in Sources */,
				A1BA348D2AC781A700B1E9D9 /* PostRepository.swift in Sources */,
				A1BA348F2AC7891800B1E9D9 /* Types.swift in Sources */,
				A1BA34912AC78CA700B1E9D9 /* NetworkMonitor.swift in Sources */,
				A1BA34712AC7753700B1E9D9 /* SwiftDataExplorationApp.swift in Sources */,
				A1BA34872AC777E700B1E9D9 /* PostService.swift in Sources */,
			);
			runOnlyForDeploymentPostprocessing = 0;
		};
/* End PBXSourcesBuildPhase section */

/* Begin XCBuildConfiguration section */
		A1BA347B2AC7753900B1E9D9 /* Debug */ = {
			isa = XCBuildConfiguration;
			buildSettings = {
				ALWAYS_SEARCH_USER_PATHS = NO;
				ASSETCATALOG_COMPILER_GENERATE_SWIFT_ASSET_SYMBOL_EXTENSIONS = YES;
				CLANG_ANALYZER_NONNULL = YES;
				CLANG_ANALYZER_NUMBER_OBJECT_CONVERSION = YES_AGGRESSIVE;
				CLANG_CXX_LANGUAGE_STANDARD = "gnu++20";
				CLANG_ENABLE_MODULES = YES;
				CLANG_ENABLE_OBJC_ARC = YES;
				CLANG_ENABLE_OBJC_WEAK = YES;
				CLANG_WARN_BLOCK_CAPTURE_AUTORELEASING = YES;
				CLANG_WARN_BOOL_CONVERSION = YES;
				CLANG_WARN_COMMA = YES;
				CLANG_WARN_CONSTANT_CONVERSION = YES;
				CLANG_WARN_DEPRECATED_OBJC_IMPLEMENTATIONS = YES;
				CLANG_WARN_DIRECT_OBJC_ISA_USAGE = YES_ERROR;
				CLANG_WARN_DOCUMENTATION_COMMENTS = YES;
				CLANG_WARN_EMPTY_BODY = YES;
				CLANG_WARN_ENUM_CONVERSION = YES;
				CLANG_WARN_INFINITE_RECURSION = YES;
				CLANG_WARN_INT_CONVERSION = YES;
				CLANG_WARN_NON_LITERAL_NULL_CONVERSION = YES;
				CLANG_WARN_OBJC_IMPLICIT_RETAIN_SELF = YES;
				CLANG_WARN_OBJC_LITERAL_CONVERSION = YES;
				CLANG_WARN_OBJC_ROOT_CLASS = YES_ERROR;
				CLANG_WARN_QUOTED_INCLUDE_IN_FRAMEWORK_HEADER = YES;
				CLANG_WARN_RANGE_LOOP_ANALYSIS = YES;
				CLANG_WARN_STRICT_PROTOTYPES = YES;
				CLANG_WARN_SUSPICIOUS_MOVE = YES;
				CLANG_WARN_UNGUARDED_AVAILABILITY = YES_AGGRESSIVE;
				CLANG_WARN_UNREACHABLE_CODE = YES;
				CLANG_WARN__DUPLICATE_METHOD_MATCH = YES;
				COPY_PHASE_STRIP = NO;
				DEBUG_INFORMATION_FORMAT = dwarf;
				ENABLE_STRICT_OBJC_MSGSEND = YES;
				ENABLE_TESTABILITY = YES;
				ENABLE_USER_SCRIPT_SANDBOXING = YES;
				GCC_C_LANGUAGE_STANDARD = gnu17;
				GCC_DYNAMIC_NO_PIC = NO;
				GCC_NO_COMMON_BLOCKS = YES;
				GCC_OPTIMIZATION_LEVEL = 0;
				GCC_PREPROCESSOR_DEFINITIONS = (
					"DEBUG=1",
					"$(inherited)",
				);
				GCC_WARN_64_TO_32_BIT_CONVERSION = YES;
				GCC_WARN_ABOUT_RETURN_TYPE = YES_ERROR;
				GCC_WARN_UNDECLARED_SELECTOR = YES;
				GCC_WARN_UNINITIALIZED_AUTOS = YES_AGGRESSIVE;
				GCC_WARN_UNUSED_FUNCTION = YES;
				GCC_WARN_UNUSED_VARIABLE = YES;
				IPHONEOS_DEPLOYMENT_TARGET = 17.0;
				LOCALIZATION_PREFERS_STRING_CATALOGS = YES;
				MTL_ENABLE_DEBUG_INFO = INCLUDE_SOURCE;
				MTL_FAST_MATH = YES;
				ONLY_ACTIVE_ARCH = YES;
				SDKROOT = iphoneos;
				SWIFT_ACTIVE_COMPILATION_CONDITIONS = "DEBUG $(inherited)";
				SWIFT_OPTIMIZATION_LEVEL = "-Onone";
			};
			name = Debug;
		};
		A1BA347C2AC7753900B1E9D9 /* Release */ = {
			isa = XCBuildConfiguration;
			buildSettings = {
				ALWAYS_SEARCH_USER_PATHS = NO;
				ASSETCATALOG_COMPILER_GENERATE_SWIFT_ASSET_SYMBOL_EXTENSIONS = YES;
				CLANG_ANALYZER_NONNULL = YES;
				CLANG_ANALYZER_NUMBER_OBJECT_CONVERSION = YES_AGGRESSIVE;
				CLANG_CXX_LANGUAGE_STANDARD = "gnu++20";
				CLANG_ENABLE_MODULES = YES;
				CLANG_ENABLE_OBJC_ARC = YES;
				CLANG_ENABLE_OBJC_WEAK = YES;
				CLANG_WARN_BLOCK_CAPTURE_AUTORELEASING = YES;
				CLANG_WARN_BOOL_CONVERSION = YES;
				CLANG_WARN_COMMA = YES;
				CLANG_WARN_CONSTANT_CONVERSION = YES;
				CLANG_WARN_DEPRECATED_OBJC_IMPLEMENTATIONS = YES;
				CLANG_WARN_DIRECT_OBJC_ISA_USAGE = YES_ERROR;
				CLANG_WARN_DOCUMENTATION_COMMENTS = YES;
				CLANG_WARN_EMPTY_BODY = YES;
				CLANG_WARN_ENUM_CONVERSION = YES;
				CLANG_WARN_INFINITE_RECURSION = YES;
				CLANG_WARN_INT_CONVERSION = YES;
				CLANG_WARN_NON_LITERAL_NULL_CONVERSION = YES;
				CLANG_WARN_OBJC_IMPLICIT_RETAIN_SELF = YES;
				CLANG_WARN_OBJC_LITERAL_CONVERSION = YES;
				CLANG_WARN_OBJC_ROOT_CLASS = YES_ERROR;
				CLANG_WARN_QUOTED_INCLUDE_IN_FRAMEWORK_HEADER = YES;
				CLANG_WARN_RANGE_LOOP_ANALYSIS = YES;
				CLANG_WARN_STRICT_PROTOTYPES = YES;
				CLANG_WARN_SUSPICIOUS_MOVE = YES;
				CLANG_WARN_UNGUARDED_AVAILABILITY = YES_AGGRESSIVE;
				CLANG_WARN_UNREACHABLE_CODE = YES;
				CLANG_WARN__DUPLICATE_METHOD_MATCH = YES;
				COPY_PHASE_STRIP = NO;
				DEBUG_INFORMATION_FORMAT = "dwarf-with-dsym";
				ENABLE_NS_ASSERTIONS = NO;
				ENABLE_STRICT_OBJC_MSGSEND = YES;
				ENABLE_USER_SCRIPT_SANDBOXING = YES;
				GCC_C_LANGUAGE_STANDARD = gnu17;
				GCC_NO_COMMON_BLOCKS = YES;
				GCC_WARN_64_TO_32_BIT_CONVERSION = YES;
				GCC_WARN_ABOUT_RETURN_TYPE = YES_ERROR;
				GCC_WARN_UNDECLARED_SELECTOR = YES;
				GCC_WARN_UNINITIALIZED_AUTOS = YES_AGGRESSIVE;
				GCC_WARN_UNUSED_FUNCTION = YES;
				GCC_WARN_UNUSED_VARIABLE = YES;
				IPHONEOS_DEPLOYMENT_TARGET = 17.0;
				LOCALIZATION_PREFERS_STRING_CATALOGS = YES;
				MTL_ENABLE_DEBUG_INFO = NO;
				MTL_FAST_MATH = YES;
				SDKROOT = iphoneos;
				SWIFT_COMPILATION_MODE = wholemodule;
				VALIDATE_PRODUCT = YES;
			};
			name = Release;
		};
		A1BA347E2AC7753900B1E9D9 /* Debug */ = {
			isa = XCBuildConfiguration;
			buildSettings = {
				ASSETCATALOG_COMPILER_APPICON_NAME = AppIcon;
				ASSETCATALOG_COMPILER_GLOBAL_ACCENT_COLOR_NAME = AccentColor;
				CODE_SIGN_STYLE = Automatic;
				CURRENT_PROJECT_VERSION = 1;
				DEVELOPMENT_ASSET_PATHS = "\"SwiftDataExploration/Preview Content\"";
				DEVELOPMENT_TEAM = 2BTKYF3W9D;
				ENABLE_PREVIEWS = YES;
				GENERATE_INFOPLIST_FILE = YES;
				INFOPLIST_KEY_UIApplicationSceneManifest_Generation = YES;
				INFOPLIST_KEY_UIApplicationSupportsIndirectInputEvents = YES;
				INFOPLIST_KEY_UILaunchScreen_Generation = YES;
				INFOPLIST_KEY_UISupportedInterfaceOrientations_iPad = "UIInterfaceOrientationPortrait UIInterfaceOrientationPortraitUpsideDown UIInterfaceOrientationLandscapeLeft UIInterfaceOrientationLandscapeRight";
				INFOPLIST_KEY_UISupportedInterfaceOrientations_iPhone = "UIInterfaceOrientationPortrait UIInterfaceOrientationLandscapeLeft UIInterfaceOrientationLandscapeRight";
				LD_RUNPATH_SEARCH_PATHS = (
					"$(inherited)",
					"@executable_path/Frameworks",
				);
				MARKETING_VERSION = 1.0;
				PRODUCT_BUNDLE_IDENTIFIER = com.drewalth.SwiftDataExploration;
				PRODUCT_NAME = "$(TARGET_NAME)";
				SWIFT_EMIT_LOC_STRINGS = YES;
				SWIFT_VERSION = 5.0;
				TARGETED_DEVICE_FAMILY = "1,2";
			};
			name = Debug;
		};
		A1BA347F2AC7753900B1E9D9 /* Release */ = {
			isa = XCBuildConfiguration;
			buildSettings = {
				ASSETCATALOG_COMPILER_APPICON_NAME = AppIcon;
				ASSETCATALOG_COMPILER_GLOBAL_ACCENT_COLOR_NAME = AccentColor;
				CODE_SIGN_STYLE = Automatic;
				CURRENT_PROJECT_VERSION = 1;
				DEVELOPMENT_ASSET_PATHS = "\"SwiftDataExploration/Preview Content\"";
				DEVELOPMENT_TEAM = 2BTKYF3W9D;
				ENABLE_PREVIEWS = YES;
				GENERATE_INFOPLIST_FILE = YES;
				INFOPLIST_KEY_UIApplicationSceneManifest_Generation = YES;
				INFOPLIST_KEY_UIApplicationSupportsIndirectInputEvents = YES;
				INFOPLIST_KEY_UILaunchScreen_Generation = YES;
				INFOPLIST_KEY_UISupportedInterfaceOrientations_iPad = "UIInterfaceOrientationPortrait UIInterfaceOrientationPortraitUpsideDown UIInterfaceOrientationLandscapeLeft UIInterfaceOrientationLandscapeRight";
				INFOPLIST_KEY_UISupportedInterfaceOrientations_iPhone = "UIInterfaceOrientationPortrait UIInterfaceOrientationLandscapeLeft UIInterfaceOrientationLandscapeRight";
				LD_RUNPATH_SEARCH_PATHS = (
					"$(inherited)",
					"@executable_path/Frameworks",
				);
				MARKETING_VERSION = 1.0;
				PRODUCT_BUNDLE_IDENTIFIER = com.drewalth.SwiftDataExploration;
				PRODUCT_NAME = "$(TARGET_NAME)";
				SWIFT_EMIT_LOC_STRINGS = YES;
				SWIFT_VERSION = 5.0;
				TARGETED_DEVICE_FAMILY = "1,2";
			};
			name = Release;
		};
/* End XCBuildConfiguration section */

/* Begin XCConfigurationList section */
		A1BA34682AC7753700B1E9D9 /* Build configuration list for PBXProject "SwiftDataExploration" */ = {
			isa = XCConfigurationList;
			buildConfigurations = (
				A1BA347B2AC7753900B1E9D9 /* Debug */,
				A1BA347C2AC7753900B1E9D9 /* Release */,
			);
			defaultConfigurationIsVisible = 0;
			defaultConfigurationName = Release;
		};
		A1BA347D2AC7753900B1E9D9 /* Build configuration list for PBXNativeTarget "SwiftDataExploration" */ = {
			isa = XCConfigurationList;
			buildConfigurations = (
				A1BA347E2AC7753900B1E9D9 /* Debug */,
				A1BA347F2AC7753900B1E9D9 /* Release */,
			);
			defaultConfigurationIsVisible = 0;
			defaultConfigurationName = Release;
		};
/* End XCConfigurationList section */
	};
	rootObject = A1BA34652AC7753700B1E9D9 /* Project object */;
}
